// !$*UTF8*$!
{
	archiveVersion = 1;
	classes = {
	};
	objectVersion = 56;
	objects = {

/* Begin PBXBuildFile section */
		CE55F0EF2C4A8BD9008BB574 /* promova_testtaskApp.swift in Sources */ = {isa = PBXBuildFile; fileRef = CE55F0EE2C4A8BD9008BB574 /* promova_testtaskApp.swift */; };
		CE55F0F12C4A8BD9008BB574 /* ContentView.swift in Sources */ = {isa = PBXBuildFile; fileRef = CE55F0F02C4A8BD9008BB574 /* ContentView.swift */; };
		CE55F0F32C4A8BDB008BB574 /* Assets.xcassets in Resources */ = {isa = PBXBuildFile; fileRef = CE55F0F22C4A8BDB008BB574 /* Assets.xcassets */; };
		CE55F0F62C4A8BDB008BB574 /* Preview Assets.xcassets in Resources */ = {isa = PBXBuildFile; fileRef = CE55F0F52C4A8BDB008BB574 /* Preview Assets.xcassets */; };
		CE55F0FE2C4A8C7F008BB574 /* ComposableArchitecture in Frameworks */ = {isa = PBXBuildFile; productRef = CE55F0FD2C4A8C7F008BB574 /* ComposableArchitecture */; };
		CE55F1022C4A8CE8008BB574 /* AnimalCategory.swift in Sources */ = {isa = PBXBuildFile; fileRef = CE55F1012C4A8CE8008BB574 /* AnimalCategory.swift */; };
		CE55F1052C4A8D05008BB574 /* RealmSwift in Frameworks */ = {isa = PBXBuildFile; productRef = CE55F1042C4A8D05008BB574 /* RealmSwift */; };
		CE55F1062C4A8D05008BB574 /* RealmSwift in Embed Frameworks */ = {isa = PBXBuildFile; productRef = CE55F1042C4A8D05008BB574 /* RealmSwift */; settings = {ATTRIBUTES = (CodeSignOnCopy, ); }; };
		CE55F1092C4A8D15008BB574 /* FactContent.swift in Sources */ = {isa = PBXBuildFile; fileRef = CE55F1082C4A8D15008BB574 /* FactContent.swift */; };
		CE55F10B2C4A8D33008BB574 /* AnimalCategoryResponse.swift in Sources */ = {isa = PBXBuildFile; fileRef = CE55F10A2C4A8D33008BB574 /* AnimalCategoryResponse.swift */; };
		CE55F10D2C4A8D49008BB574 /* FactContentResponse.swift in Sources */ = {isa = PBXBuildFile; fileRef = CE55F10C2C4A8D49008BB574 /* FactContentResponse.swift */; };
		CE55F1102C4A8DC8008BB574 /* NetworkService.swift in Sources */ = {isa = PBXBuildFile; fileRef = CE55F10F2C4A8DC8008BB574 /* NetworkService.swift */; };
		CE55F1142C4A8DF9008BB574 /* RealmService.swift in Sources */ = {isa = PBXBuildFile; fileRef = CE55F1132C4A8DF9008BB574 /* RealmService.swift */; };
		CE55F1172C4A8EA1008BB574 /* Reducer.swift in Sources */ = {isa = PBXBuildFile; fileRef = CE55F1162C4A8EA1008BB574 /* Reducer.swift */; };
/* End PBXBuildFile section */

/* Begin PBXCopyFilesBuildPhase section */
		CE55F1072C4A8D05008BB574 /* Embed Frameworks */ = {
			isa = PBXCopyFilesBuildPhase;
			buildActionMask = 2147483647;
			dstPath = "";
			dstSubfolderSpec = 10;
			files = (
				CE55F1062C4A8D05008BB574 /* RealmSwift in Embed Frameworks */,
			);
			name = "Embed Frameworks";
			runOnlyForDeploymentPostprocessing = 0;
		};
/* End PBXCopyFilesBuildPhase section */

/* Begin PBXFileReference section */
		CE55F0EB2C4A8BD9008BB574 /* promova-testtask.app */ = {isa = PBXFileReference; explicitFileType = wrapper.application; includeInIndex = 0; path = "promova-testtask.app"; sourceTree = BUILT_PRODUCTS_DIR; };
		CE55F0EE2C4A8BD9008BB574 /* promova_testtaskApp.swift */ = {isa = PBXFileReference; lastKnownFileType = sourcecode.swift; path = promova_testtaskApp.swift; sourceTree = "<group>"; };
		CE55F0F02C4A8BD9008BB574 /* ContentView.swift */ = {isa = PBXFileReference; lastKnownFileType = sourcecode.swift; path = ContentView.swift; sourceTree = "<group>"; };
		CE55F0F22C4A8BDB008BB574 /* Assets.xcassets */ = {isa = PBXFileReference; lastKnownFileType = folder.assetcatalog; path = Assets.xcassets; sourceTree = "<group>"; };
		CE55F0F52C4A8BDB008BB574 /* Preview Assets.xcassets */ = {isa = PBXFileReference; lastKnownFileType = folder.assetcatalog; path = "Preview Assets.xcassets"; sourceTree = "<group>"; };
		CE55F1012C4A8CE8008BB574 /* AnimalCategory.swift */ = {isa = PBXFileReference; lastKnownFileType = sourcecode.swift; path = AnimalCategory.swift; sourceTree = "<group>"; };
		CE55F1082C4A8D15008BB574 /* FactContent.swift */ = {isa = PBXFileReference; lastKnownFileType = sourcecode.swift; path = FactContent.swift; sourceTree = "<group>"; };
		CE55F10A2C4A8D33008BB574 /* AnimalCategoryResponse.swift */ = {isa = PBXFileReference; lastKnownFileType = sourcecode.swift; path = AnimalCategoryResponse.swift; sourceTree = "<group>"; };
		CE55F10C2C4A8D49008BB574 /* FactContentResponse.swift */ = {isa = PBXFileReference; lastKnownFileType = sourcecode.swift; path = FactContentResponse.swift; sourceTree = "<group>"; };
		CE55F10F2C4A8DC8008BB574 /* NetworkService.swift */ = {isa = PBXFileReference; lastKnownFileType = sourcecode.swift; path = NetworkService.swift; sourceTree = "<group>"; };
		CE55F1132C4A8DF9008BB574 /* RealmService.swift */ = {isa = PBXFileReference; lastKnownFileType = sourcecode.swift; path = RealmService.swift; sourceTree = "<group>"; };
		CE55F1162C4A8EA1008BB574 /* Reducer.swift */ = {isa = PBXFileReference; lastKnownFileType = sourcecode.swift; path = Reducer.swift; sourceTree = "<group>"; };
/* End PBXFileReference section */

/* Begin PBXFrameworksBuildPhase section */
		CE55F0E82C4A8BD9008BB574 /* Frameworks */ = {
			isa = PBXFrameworksBuildPhase;
			buildActionMask = 2147483647;
			files = (
				CE55F1052C4A8D05008BB574 /* RealmSwift in Frameworks */,
				CE55F0FE2C4A8C7F008BB574 /* ComposableArchitecture in Frameworks */,
			);
			runOnlyForDeploymentPostprocessing = 0;
		};
/* End PBXFrameworksBuildPhase section */

/* Begin PBXGroup section */
		CE55F0E22C4A8BD9008BB574 = {
			isa = PBXGroup;
			children = (
				CE55F0ED2C4A8BD9008BB574 /* promova-testtask */,
				CE55F0EC2C4A8BD9008BB574 /* Products */,
				CE55F1032C4A8D05008BB574 /* Frameworks */,
			);
			sourceTree = "<group>";
		};
		CE55F0EC2C4A8BD9008BB574 /* Products */ = {
			isa = PBXGroup;
			children = (
				CE55F0EB2C4A8BD9008BB574 /* promova-testtask.app */,
			);
			name = Products;
			sourceTree = "<group>";
		};
		CE55F0ED2C4A8BD9008BB574 /* promova-testtask */ = {
			isa = PBXGroup;
			children = (
				CE55F1152C4A8E8F008BB574 /* Reducer */,
				CE55F1112C4A8DE3008BB574 /* Services */,
				CE55F1002C4A8CD1008BB574 /* Models */,
				CE55F0EE2C4A8BD9008BB574 /* promova_testtaskApp.swift */,
				CE55F0F02C4A8BD9008BB574 /* ContentView.swift */,
				CE55F0F22C4A8BDB008BB574 /* Assets.xcassets */,
				CE55F0F42C4A8BDB008BB574 /* Preview Content */,
			);
			path = "promova-testtask";
			sourceTree = "<group>";
		};
		CE55F0F42C4A8BDB008BB574 /* Preview Content */ = {
			isa = PBXGroup;
			children = (
				CE55F0F52C4A8BDB008BB574 /* Preview Assets.xcassets */,
			);
			path = "Preview Content";
			sourceTree = "<group>";
		};
		CE55F1002C4A8CD1008BB574 /* Models */ = {
			isa = PBXGroup;
			children = (
				CE55F1012C4A8CE8008BB574 /* AnimalCategory.swift */,
				CE55F1082C4A8D15008BB574 /* FactContent.swift */,
				CE55F10A2C4A8D33008BB574 /* AnimalCategoryResponse.swift */,
				CE55F10C2C4A8D49008BB574 /* FactContentResponse.swift */,
			);
			path = Models;
			sourceTree = "<group>";
		};
		CE55F1032C4A8D05008BB574 /* Frameworks */ = {
			isa = PBXGroup;
			children = (
			);
			name = Frameworks;
			sourceTree = "<group>";
		};
		CE55F10E2C4A8DB9008BB574 /* Networking */ = {
			isa = PBXGroup;
			children = (
				CE55F10F2C4A8DC8008BB574 /* NetworkService.swift */,
			);
			path = Networking;
			sourceTree = "<group>";
		};
		CE55F1112C4A8DE3008BB574 /* Services */ = {
			isa = PBXGroup;
			children = (
				CE55F1122C4A8DED008BB574 /* Realm */,
				CE55F10E2C4A8DB9008BB574 /* Networking */,
			);
			path = Services;
			sourceTree = "<group>";
		};
		CE55F1122C4A8DED008BB574 /* Realm */ = {
			isa = PBXGroup;
			children = (
				CE55F1132C4A8DF9008BB574 /* RealmService.swift */,
			);
			path = Realm;
			sourceTree = "<group>";
		};
		CE55F1152C4A8E8F008BB574 /* Reducer */ = {
			isa = PBXGroup;
			children = (
				CE55F1162C4A8EA1008BB574 /* Reducer.swift */,
			);
			path = Reducer;
			sourceTree = "<group>";
		};
/* End PBXGroup section */

/* Begin PBXNativeTarget section */
		CE55F0EA2C4A8BD9008BB574 /* promova-testtask */ = {
			isa = PBXNativeTarget;
			buildConfigurationList = CE55F0F92C4A8BDB008BB574 /* Build configuration list for PBXNativeTarget "promova-testtask" */;
			buildPhases = (
				CE55F0E72C4A8BD9008BB574 /* Sources */,
				CE55F0E82C4A8BD9008BB574 /* Frameworks */,
				CE55F0E92C4A8BD9008BB574 /* Resources */,
				CE55F1072C4A8D05008BB574 /* Embed Frameworks */,
			);
			buildRules = (
			);
			dependencies = (
			);
			name = "promova-testtask";
			packageProductDependencies = (
				CE55F0FD2C4A8C7F008BB574 /* ComposableArchitecture */,
				CE55F1042C4A8D05008BB574 /* RealmSwift */,
			);
			productName = "promova-testtask";
			productReference = CE55F0EB2C4A8BD9008BB574 /* promova-testtask.app */;
			productType = "com.apple.product-type.application";
		};
/* End PBXNativeTarget section */

/* Begin PBXProject section */
		CE55F0E32C4A8BD9008BB574 /* Project object */ = {
			isa = PBXProject;
			attributes = {
				BuildIndependentTargetsInParallel = 1;
				LastSwiftUpdateCheck = 1520;
				LastUpgradeCheck = 1520;
				TargetAttributes = {
					CE55F0EA2C4A8BD9008BB574 = {
						CreatedOnToolsVersion = 15.2;
					};
				};
			};
			buildConfigurationList = CE55F0E62C4A8BD9008BB574 /* Build configuration list for PBXProject "promova-testtask" */;
			compatibilityVersion = "Xcode 14.0";
			developmentRegion = en;
			hasScannedForEncodings = 0;
			knownRegions = (
				en,
				Base,
			);
			mainGroup = CE55F0E22C4A8BD9008BB574;
			packageReferences = (
				CE55F0FC2C4A8C7F008BB574 /* XCRemoteSwiftPackageReference "swift-composable-architecture" */,
				CE55F0FF2C4A8C8D008BB574 /* XCRemoteSwiftPackageReference "realm-swift" */,
			);
			productRefGroup = CE55F0EC2C4A8BD9008BB574 /* Products */;
			projectDirPath = "";
			projectRoot = "";
			targets = (
				CE55F0EA2C4A8BD9008BB574 /* promova-testtask */,
			);
		};
/* End PBXProject section */

/* Begin PBXResourcesBuildPhase section */
		CE55F0E92C4A8BD9008BB574 /* Resources */ = {
			isa = PBXResourcesBuildPhase;
			buildActionMask = 2147483647;
			files = (
				CE55F0F62C4A8BDB008BB574 /* Preview Assets.xcassets in Resources */,
				CE55F0F32C4A8BDB008BB574 /* Assets.xcassets in Resources */,
			);
			runOnlyForDeploymentPostprocessing = 0;
		};
/* End PBXResourcesBuildPhase section */

/* Begin PBXSourcesBuildPhase section */
		CE55F0E72C4A8BD9008BB574 /* Sources */ = {
			isa = PBXSourcesBuildPhase;
			buildActionMask = 2147483647;
			files = (
				CE55F1022C4A8CE8008BB574 /* AnimalCategory.swift in Sources */,
				CE55F1092C4A8D15008BB574 /* FactContent.swift in Sources */,
				CE55F10D2C4A8D49008BB574 /* FactContentResponse.swift in Sources */,
				CE55F0F12C4A8BD9008BB574 /* ContentView.swift in Sources */,
				CE55F0EF2C4A8BD9008BB574 /* promova_testtaskApp.swift in Sources */,
				CE55F1172C4A8EA1008BB574 /* Reducer.swift in Sources */,
				CE55F10B2C4A8D33008BB574 /* AnimalCategoryResponse.swift in Sources */,
				CE55F1102C4A8DC8008BB574 /* NetworkService.swift in Sources */,
				CE55F1142C4A8DF9008BB574 /* RealmService.swift in Sources */,
			);
			runOnlyForDeploymentPostprocessing = 0;
		};
/* End PBXSourcesBuildPhase section */

/* Begin XCBuildConfiguration section */
		CE55F0F72C4A8BDB008BB574 /* Debug */ = {
			isa = XCBuildConfiguration;
			buildSettings = {
				ALWAYS_SEARCH_USER_PATHS = NO;
				ASSETCATALOG_COMPILER_GENERATE_SWIFT_ASSET_SYMBOL_EXTENSIONS = YES;
				CLANG_ANALYZER_NONNULL = YES;
				CLANG_ANALYZER_NUMBER_OBJECT_CONVERSION = YES_AGGRESSIVE;
				CLANG_CXX_LANGUAGE_STANDARD = "gnu++20";
				CLANG_ENABLE_MODULES = YES;
				CLANG_ENABLE_OBJC_ARC = YES;
				CLANG_ENABLE_OBJC_WEAK = YES;
				CLANG_WARN_BLOCK_CAPTURE_AUTORELEASING = YES;
				CLANG_WARN_BOOL_CONVERSION = YES;
				CLANG_WARN_COMMA = YES;
				CLANG_WARN_CONSTANT_CONVERSION = YES;
				CLANG_WARN_DEPRECATED_OBJC_IMPLEMENTATIONS = YES;
				CLANG_WARN_DIRECT_OBJC_ISA_USAGE = YES_ERROR;
				CLANG_WARN_DOCUMENTATION_COMMENTS = YES;
				CLANG_WARN_EMPTY_BODY = YES;
				CLANG_WARN_ENUM_CONVERSION = YES;
				CLANG_WARN_INFINITE_RECURSION = YES;
				CLANG_WARN_INT_CONVERSION = YES;
				CLANG_WARN_NON_LITERAL_NULL_CONVERSION = YES;
				CLANG_WARN_OBJC_IMPLICIT_RETAIN_SELF = YES;
				CLANG_WARN_OBJC_LITERAL_CONVERSION = YES;
				CLANG_WARN_OBJC_ROOT_CLASS = YES_ERROR;
				CLANG_WARN_QUOTED_INCLUDE_IN_FRAMEWORK_HEADER = YES;
				CLANG_WARN_RANGE_LOOP_ANALYSIS = YES;
				CLANG_WARN_STRICT_PROTOTYPES = YES;
				CLANG_WARN_SUSPICIOUS_MOVE = YES;
				CLANG_WARN_UNGUARDED_AVAILABILITY = YES_AGGRESSIVE;
				CLANG_WARN_UNREACHABLE_CODE = YES;
				CLANG_WARN__DUPLICATE_METHOD_MATCH = YES;
				COPY_PHASE_STRIP = NO;
				DEBUG_INFORMATION_FORMAT = dwarf;
				ENABLE_STRICT_OBJC_MSGSEND = YES;
				ENABLE_TESTABILITY = YES;
				ENABLE_USER_SCRIPT_SANDBOXING = YES;
				GCC_C_LANGUAGE_STANDARD = gnu17;
				GCC_DYNAMIC_NO_PIC = NO;
				GCC_NO_COMMON_BLOCKS = YES;
				GCC_OPTIMIZATION_LEVEL = 0;
				GCC_PREPROCESSOR_DEFINITIONS = (
					"DEBUG=1",
					"$(inherited)",
				);
				GCC_WARN_64_TO_32_BIT_CONVERSION = YES;
				GCC_WARN_ABOUT_RETURN_TYPE = YES_ERROR;
				GCC_WARN_UNDECLARED_SELECTOR = YES;
				GCC_WARN_UNINITIALIZED_AUTOS = YES_AGGRESSIVE;
				GCC_WARN_UNUSED_FUNCTION = YES;
				GCC_WARN_UNUSED_VARIABLE = YES;
				IPHONEOS_DEPLOYMENT_TARGET = 17.2;
				LOCALIZATION_PREFERS_STRING_CATALOGS = YES;
				MTL_ENABLE_DEBUG_INFO = INCLUDE_SOURCE;
				MTL_FAST_MATH = YES;
				ONLY_ACTIVE_ARCH = YES;
				SDKROOT = iphoneos;
				SWIFT_ACTIVE_COMPILATION_CONDITIONS = "DEBUG $(inherited)";
				SWIFT_OPTIMIZATION_LEVEL = "-Onone";
			};
			name = Debug;
		};
		CE55F0F82C4A8BDB008BB574 /* Release */ = {
			isa = XCBuildConfiguration;
			buildSettings = {
				ALWAYS_SEARCH_USER_PATHS = NO;
				ASSETCATALOG_COMPILER_GENERATE_SWIFT_ASSET_SYMBOL_EXTENSIONS = YES;
				CLANG_ANALYZER_NONNULL = YES;
				CLANG_ANALYZER_NUMBER_OBJECT_CONVERSION = YES_AGGRESSIVE;
				CLANG_CXX_LANGUAGE_STANDARD = "gnu++20";
				CLANG_ENABLE_MODULES = YES;
				CLANG_ENABLE_OBJC_ARC = YES;
				CLANG_ENABLE_OBJC_WEAK = YES;
				CLANG_WARN_BLOCK_CAPTURE_AUTORELEASING = YES;
				CLANG_WARN_BOOL_CONVERSION = YES;
				CLANG_WARN_COMMA = YES;
				CLANG_WARN_CONSTANT_CONVERSION = YES;
				CLANG_WARN_DEPRECATED_OBJC_IMPLEMENTATIONS = YES;
				CLANG_WARN_DIRECT_OBJC_ISA_USAGE = YES_ERROR;
				CLANG_WARN_DOCUMENTATION_COMMENTS = YES;
				CLANG_WARN_EMPTY_BODY = YES;
				CLANG_WARN_ENUM_CONVERSION = YES;
				CLANG_WARN_INFINITE_RECURSION = YES;
				CLANG_WARN_INT_CONVERSION = YES;
				CLANG_WARN_NON_LITERAL_NULL_CONVERSION = YES;
				CLANG_WARN_OBJC_IMPLICIT_RETAIN_SELF = YES;
				CLANG_WARN_OBJC_LITERAL_CONVERSION = YES;
				CLANG_WARN_OBJC_ROOT_CLASS = YES_ERROR;
				CLANG_WARN_QUOTED_INCLUDE_IN_FRAMEWORK_HEADER = YES;
				CLANG_WARN_RANGE_LOOP_ANALYSIS = YES;
				CLANG_WARN_STRICT_PROTOTYPES = YES;
				CLANG_WARN_SUSPICIOUS_MOVE = YES;
				CLANG_WARN_UNGUARDED_AVAILABILITY = YES_AGGRESSIVE;
				CLANG_WARN_UNREACHABLE_CODE = YES;
				CLANG_WARN__DUPLICATE_METHOD_MATCH = YES;
				COPY_PHASE_STRIP = NO;
				DEBUG_INFORMATION_FORMAT = "dwarf-with-dsym";
				ENABLE_NS_ASSERTIONS = NO;
				ENABLE_STRICT_OBJC_MSGSEND = YES;
				ENABLE_USER_SCRIPT_SANDBOXING = YES;
				GCC_C_LANGUAGE_STANDARD = gnu17;
				GCC_NO_COMMON_BLOCKS = YES;
				GCC_WARN_64_TO_32_BIT_CONVERSION = YES;
				GCC_WARN_ABOUT_RETURN_TYPE = YES_ERROR;
				GCC_WARN_UNDECLARED_SELECTOR = YES;
				GCC_WARN_UNINITIALIZED_AUTOS = YES_AGGRESSIVE;
				GCC_WARN_UNUSED_FUNCTION = YES;
				GCC_WARN_UNUSED_VARIABLE = YES;
				IPHONEOS_DEPLOYMENT_TARGET = 17.2;
				LOCALIZATION_PREFERS_STRING_CATALOGS = YES;
				MTL_ENABLE_DEBUG_INFO = NO;
				MTL_FAST_MATH = YES;
				SDKROOT = iphoneos;
				SWIFT_COMPILATION_MODE = wholemodule;
				VALIDATE_PRODUCT = YES;
			};
			name = Release;
		};
		CE55F0FA2C4A8BDB008BB574 /* Debug */ = {
			isa = XCBuildConfiguration;
			buildSettings = {
				ASSETCATALOG_COMPILER_APPICON_NAME = AppIcon;
				ASSETCATALOG_COMPILER_GLOBAL_ACCENT_COLOR_NAME = AccentColor;
				CODE_SIGN_STYLE = Automatic;
				CURRENT_PROJECT_VERSION = 1;
				DEVELOPMENT_ASSET_PATHS = "\"promova-testtask/Preview Content\"";
				DEVELOPMENT_TEAM = 39RJSWWBU3;
				ENABLE_PREVIEWS = YES;
				GENERATE_INFOPLIST_FILE = YES;
				INFOPLIST_KEY_UIApplicationSceneManifest_Generation = YES;
				INFOPLIST_KEY_UIApplicationSupportsIndirectInputEvents = YES;
				INFOPLIST_KEY_UILaunchScreen_Generation = YES;
				INFOPLIST_KEY_UISupportedInterfaceOrientations_iPad = "UIInterfaceOrientationPortrait UIInterfaceOrientationPortraitUpsideDown UIInterfaceOrientationLandscapeLeft UIInterfaceOrientationLandscapeRight";
				INFOPLIST_KEY_UISupportedInterfaceOrientations_iPhone = "UIInterfaceOrientationPortrait UIInterfaceOrientationLandscapeLeft UIInterfaceOrientationLandscapeRight";
				LD_RUNPATH_SEARCH_PATHS = (
					"$(inherited)",
					"@executable_path/Frameworks",
				);
				MARKETING_VERSION = 1.0;
				PRODUCT_BUNDLE_IDENTIFIER = "com.app.testtask.promova-testtask";
				PRODUCT_NAME = "$(TARGET_NAME)";
				SWIFT_EMIT_LOC_STRINGS = YES;
				SWIFT_VERSION = 5.0;
				TARGETED_DEVICE_FAMILY = "1,2";
			};
			name = Debug;
		};
		CE55F0FB2C4A8BDB008BB574 /* Release */ = {
			isa = XCBuildConfiguration;
			buildSettings = {
				ASSETCATALOG_COMPILER_APPICON_NAME = AppIcon;
				ASSETCATALOG_COMPILER_GLOBAL_ACCENT_COLOR_NAME = AccentColor;
				CODE_SIGN_STYLE = Automatic;
				CURRENT_PROJECT_VERSION = 1;
				DEVELOPMENT_ASSET_PATHS = "\"promova-testtask/Preview Content\"";
				DEVELOPMENT_TEAM = 39RJSWWBU3;
				ENABLE_PREVIEWS = YES;
				GENERATE_INFOPLIST_FILE = YES;
				INFOPLIST_KEY_UIApplicationSceneManifest_Generation = YES;
				INFOPLIST_KEY_UIApplicationSupportsIndirectInputEvents = YES;
				INFOPLIST_KEY_UILaunchScreen_Generation = YES;
				INFOPLIST_KEY_UISupportedInterfaceOrientations_iPad = "UIInterfaceOrientationPortrait UIInterfaceOrientationPortraitUpsideDown UIInterfaceOrientationLandscapeLeft UIInterfaceOrientationLandscapeRight";
				INFOPLIST_KEY_UISupportedInterfaceOrientations_iPhone = "UIInterfaceOrientationPortrait UIInterfaceOrientationLandscapeLeft UIInterfaceOrientationLandscapeRight";
				LD_RUNPATH_SEARCH_PATHS = (
					"$(inherited)",
					"@executable_path/Frameworks",
				);
				MARKETING_VERSION = 1.0;
				PRODUCT_BUNDLE_IDENTIFIER = "com.app.testtask.promova-testtask";
				PRODUCT_NAME = "$(TARGET_NAME)";
				SWIFT_EMIT_LOC_STRINGS = YES;
				SWIFT_VERSION = 5.0;
				TARGETED_DEVICE_FAMILY = "1,2";
			};
			name = Release;
		};
/* End XCBuildConfiguration section */

/* Begin XCConfigurationList section */
		CE55F0E62C4A8BD9008BB574 /* Build configuration list for PBXProject "promova-testtask" */ = {
			isa = XCConfigurationList;
			buildConfigurations = (
				CE55F0F72C4A8BDB008BB574 /* Debug */,
				CE55F0F82C4A8BDB008BB574 /* Release */,
			);
			defaultConfigurationIsVisible = 0;
			defaultConfigurationName = Release;
		};
		CE55F0F92C4A8BDB008BB574 /* Build configuration list for PBXNativeTarget "promova-testtask" */ = {
			isa = XCConfigurationList;
			buildConfigurations = (
				CE55F0FA2C4A8BDB008BB574 /* Debug */,
				CE55F0FB2C4A8BDB008BB574 /* Release */,
			);
			defaultConfigurationIsVisible = 0;
			defaultConfigurationName = Release;
		};
/* End XCConfigurationList section */

/* Begin XCRemoteSwiftPackageReference section */
		CE55F0FC2C4A8C7F008BB574 /* XCRemoteSwiftPackageReference "swift-composable-architecture" */ = {
			isa = XCRemoteSwiftPackageReference;
			repositoryURL = "https://github.com/pointfreeco/swift-composable-architecture";
			requirement = {
				kind = upToNextMajorVersion;
				minimumVersion = 1.11.2;
			};
		};
		CE55F0FF2C4A8C8D008BB574 /* XCRemoteSwiftPackageReference "realm-swift" */ = {
			isa = XCRemoteSwiftPackageReference;
			repositoryURL = "https://github.com/realm/realm-swift.git";
			requirement = {
				branch = master;
				kind = branch;
			};
		};
/* End XCRemoteSwiftPackageReference section */

/* Begin XCSwiftPackageProductDependency section */
		CE55F0FD2C4A8C7F008BB574 /* ComposableArchitecture */ = {
			isa = XCSwiftPackageProductDependency;
			package = CE55F0FC2C4A8C7F008BB574 /* XCRemoteSwiftPackageReference "swift-composable-architecture" */;
			productName = ComposableArchitecture;
		};
		CE55F1042C4A8D05008BB574 /* RealmSwift */ = {
			isa = XCSwiftPackageProductDependency;
			package = CE55F0FF2C4A8C8D008BB574 /* XCRemoteSwiftPackageReference "realm-swift" */;
			productName = RealmSwift;
		};
/* End XCSwiftPackageProductDependency section */
	};
	rootObject = CE55F0E32C4A8BD9008BB574 /* Project object */;
}
